
Microsoft Visual Studio Solution File, Format Version 12.00
# Visual Studio Version 17
VisualStudioVersion = 17.10.34928.147
MinimumVisualStudioVersion = 10.0.40219.1
Project("{2150E333-8FDC-42A3-9474-1A3956D46DE8}") = "FirelySDK", "FirelySDK", "{C776327C-7044-49EB-A828-183E02793DA0}"
EndProject
Project("{9A19103F-16F7-4668-BE54-9A1E7A4F7556}") = "Hl7.Fhir.Core", "firely-net-sdk\src\Hl7.Fhir.Core\Hl7.Fhir.Core.csproj", "{D8392DC7-74FB-49E4-BB97-C60ECED2327B}"
EndProject
Project("{9A19103F-16F7-4668-BE54-9A1E7A4F7556}") = "Hl7.Fhir.Specification", "firely-net-sdk\src\Hl7.Fhir.Specification\Hl7.Fhir.Specification.csproj", "{F66B3506-6DFB-4D12-9E25-F13F85E58034}"
EndProject
Project("{9A19103F-16F7-4668-BE54-9A1E7A4F7556}") = "Hl7.FhirPath", "firely-net-sdk\common\src\Hl7.FhirPath\Hl7.FhirPath.csproj", "{4BD3EC9D-252F-4D15-9C9A-82851871F08B}"
EndProject
Project("{2150E333-8FDC-42A3-9474-1A3956D46DE8}") = "common", "common", "{2AF558F3-64FA-42C4-A4C4-97DC5732807E}"
EndProject
Project("{9A19103F-16F7-4668-BE54-9A1E7A4F7556}") = "Hl7.Fhir.ElementModel", "firely-net-sdk\common\src\Hl7.Fhir.ElementModel\Hl7.Fhir.ElementModel.csproj", "{63B793E8-EEF2-4E2B-8F67-F5F10240B3DA}"
EndProject
Project("{9A19103F-16F7-4668-BE54-9A1E7A4F7556}") = "Hl7.Fhir.Serialization", "firely-net-sdk\common\src\Hl7.Fhir.Serialization\Hl7.Fhir.Serialization.csproj", "{228D7CEB-4819-41C3-B010-D2C425B04F56}"
EndProject
Project("{9A19103F-16F7-4668-BE54-9A1E7A4F7556}") = "Hl7.Fhir.Support", "firely-net-sdk\common\src\Hl7.Fhir.Support\Hl7.Fhir.Support.csproj", "{D430C9FE-4220-48B7-AB08-C509B7E275CB}"
EndProject
Project("{9A19103F-16F7-4668-BE54-9A1E7A4F7556}") = "Hl7.Fhir.Support.Poco", "firely-net-sdk\common\src\Hl7.Fhir.Support.Poco\Hl7.Fhir.Support.Poco.csproj", "{31431B14-415D-4BFB-BAB7-7EF938A76950}"
EndProject
Project("{9A19103F-16F7-4668-BE54-9A1E7A4F7556}") = "EEC2FHIR", "EEC2FHIR\EEC2FHIR.csproj", "{8EE5D6ED-80E5-45B0-ABD3-A4042E10379A}"
EndProject
Project("{FAE04EC0-301F-11D3-BF4B-00C04F79EFBC}") = "Hl7.Fhir.TWCoreIG", "Hl7.Fhir.TWCoreIG\Hl7.Fhir.TWCoreIG.csproj", "{F817C94B-1076-41E1-AC4D-F4E9C1F4504A}"
EndProject
Project("{FAE04EC0-301F-11D3-BF4B-00C04F79EFBC}") = "EEC2FHIR.Demo.Console", "EEC2FHIR.Demo.Console\EEC2FHIR.Demo.Console.csproj", "{9129BC05-0314-402C-B681-3FB8DB7A7EDF}"
EndProject
Global
	GlobalSection(SolutionConfigurationPlatforms) = preSolution
		Debug|Any CPU = Debug|Any CPU
		FullDebug|Any CPU = FullDebug|Any CPU
		Release|Any CPU = Release|Any CPU
	EndGlobalSection
	GlobalSection(ProjectConfigurationPlatforms) = postSolution
		{D8392DC7-74FB-49E4-BB97-C60ECED2327B}.Debug|Any CPU.ActiveCfg = Debug|Any CPU
		{D8392DC7-74FB-49E4-BB97-C60ECED2327B}.Debug|Any CPU.Build.0 = Debug|Any CPU
		{D8392DC7-74FB-49E4-BB97-C60ECED2327B}.FullDebug|Any CPU.ActiveCfg = FullDebug|Any CPU
		{D8392DC7-74FB-49E4-BB97-C60ECED2327B}.FullDebug|Any CPU.Build.0 = FullDebug|Any CPU
		{D8392DC7-74FB-49E4-BB97-C60ECED2327B}.Release|Any CPU.ActiveCfg = Release|Any CPU
		{D8392DC7-74FB-49E4-BB97-C60ECED2327B}.Release|Any CPU.Build.0 = Release|Any CPU
		{F66B3506-6DFB-4D12-9E25-F13F85E58034}.Debug|Any CPU.ActiveCfg = Debug|Any CPU
		{F66B3506-6DFB-4D12-9E25-F13F85E58034}.Debug|Any CPU.Build.0 = Debug|Any CPU
		{F66B3506-6DFB-4D12-9E25-F13F85E58034}.FullDebug|Any CPU.ActiveCfg = FullDebug|Any CPU
		{F66B3506-6DFB-4D12-9E25-F13F85E58034}.FullDebug|Any CPU.Build.0 = FullDebug|Any CPU
		{F66B3506-6DFB-4D12-9E25-F13F85E58034}.Release|Any CPU.ActiveCfg = Release|Any CPU
		{F66B3506-6DFB-4D12-9E25-F13F85E58034}.Release|Any CPU.Build.0 = Release|Any CPU
		{4BD3EC9D-252F-4D15-9C9A-82851871F08B}.Debug|Any CPU.ActiveCfg = Debug|Any CPU
		{4BD3EC9D-252F-4D15-9C9A-82851871F08B}.Debug|Any CPU.Build.0 = Debug|Any CPU
		{4BD3EC9D-252F-4D15-9C9A-82851871F08B}.FullDebug|Any CPU.ActiveCfg = FullDebug|Any CPU
		{4BD3EC9D-252F-4D15-9C9A-82851871F08B}.FullDebug|Any CPU.Build.0 = FullDebug|Any CPU
		{4BD3EC9D-252F-4D15-9C9A-82851871F08B}.Release|Any CPU.ActiveCfg = Release|Any CPU
		{4BD3EC9D-252F-4D15-9C9A-82851871F08B}.Release|Any CPU.Build.0 = Release|Any CPU
		{63B793E8-EEF2-4E2B-8F67-F5F10240B3DA}.Debug|Any CPU.ActiveCfg = Debug|Any CPU
		{63B793E8-EEF2-4E2B-8F67-F5F10240B3DA}.Debug|Any CPU.Build.0 = Debug|Any CPU
		{63B793E8-EEF2-4E2B-8F67-F5F10240B3DA}.FullDebug|Any CPU.ActiveCfg = FullDebug|Any CPU
		{63B793E8-EEF2-4E2B-8F67-F5F10240B3DA}.FullDebug|Any CPU.Build.0 = FullDebug|Any CPU
		{63B793E8-EEF2-4E2B-8F67-F5F10240B3DA}.Release|Any CPU.ActiveCfg = Release|Any CPU
		{63B793E8-EEF2-4E2B-8F67-F5F10240B3DA}.Release|Any CPU.Build.0 = Release|Any CPU
		{228D7CEB-4819-41C3-B010-D2C425B04F56}.Debug|Any CPU.ActiveCfg = Debug|Any CPU
		{228D7CEB-4819-41C3-B010-D2C425B04F56}.Debug|Any CPU.Build.0 = Debug|Any CPU
		{228D7CEB-4819-41C3-B010-D2C425B04F56}.FullDebug|Any CPU.ActiveCfg = FullDebug|Any CPU
		{228D7CEB-4819-41C3-B010-D2C425B04F56}.FullDebug|Any CPU.Build.0 = FullDebug|Any CPU
		{228D7CEB-4819-41C3-B010-D2C425B04F56}.Release|Any CPU.ActiveCfg = Release|Any CPU
		{228D7CEB-4819-41C3-B010-D2C425B04F56}.Release|Any CPU.Build.0 = Release|Any CPU
		{D430C9FE-4220-48B7-AB08-C509B7E275CB}.Debug|Any CPU.ActiveCfg = Debug|Any CPU
		{D430C9FE-4220-48B7-AB08-C509B7E275CB}.Debug|Any CPU.Build.0 = Debug|Any CPU
		{D430C9FE-4220-48B7-AB08-C509B7E275CB}.FullDebug|Any CPU.ActiveCfg = FullDebug|Any CPU
		{D430C9FE-4220-48B7-AB08-C509B7E275CB}.FullDebug|Any CPU.Build.0 = FullDebug|Any CPU
		{D430C9FE-4220-48B7-AB08-C509B7E275CB}.Release|Any CPU.ActiveCfg = Release|Any CPU
		{D430C9FE-4220-48B7-AB08-C509B7E275CB}.Release|Any CPU.Build.0 = Release|Any CPU
		{31431B14-415D-4BFB-BAB7-7EF938A76950}.Debug|Any CPU.ActiveCfg = Debug|Any CPU
		{31431B14-415D-4BFB-BAB7-7EF938A76950}.Debug|Any CPU.Build.0 = Debug|Any CPU
		{31431B14-415D-4BFB-BAB7-7EF938A76950}.FullDebug|Any CPU.ActiveCfg = FullDebug|Any CPU
		{31431B14-415D-4BFB-BAB7-7EF938A76950}.FullDebug|Any CPU.Build.0 = FullDebug|Any CPU
		{31431B14-415D-4BFB-BAB7-7EF938A76950}.Release|Any CPU.ActiveCfg = Release|Any CPU
		{31431B14-415D-4BFB-BAB7-7EF938A76950}.Release|Any CPU.Build.0 = Release|Any CPU
		{8EE5D6ED-80E5-45B0-ABD3-A4042E10379A}.Debug|Any CPU.ActiveCfg = Debug|Any CPU
		{8EE5D6ED-80E5-45B0-ABD3-A4042E10379A}.Debug|Any CPU.Build.0 = Debug|Any CPU
		{8EE5D6ED-80E5-45B0-ABD3-A4042E10379A}.FullDebug|Any CPU.ActiveCfg = Debug|Any CPU
		{8EE5D6ED-80E5-45B0-ABD3-A4042E10379A}.FullDebug|Any CPU.Build.0 = Debug|Any CPU
		{8EE5D6ED-80E5-45B0-ABD3-A4042E10379A}.Release|Any CPU.ActiveCfg = Release|Any CPU
		{8EE5D6ED-80E5-45B0-ABD3-A4042E10379A}.Release|Any CPU.Build.0 = Release|Any CPU
		{F817C94B-1076-41E1-AC4D-F4E9C1F4504A}.Debug|Any CPU.ActiveCfg = Debug|Any CPU
		{F817C94B-1076-41E1-AC4D-F4E9C1F4504A}.Debug|Any CPU.Build.0 = Debug|Any CPU
		{F817C94B-1076-41E1-AC4D-F4E9C1F4504A}.FullDebug|Any CPU.ActiveCfg = Debug|Any CPU
		{F817C94B-1076-41E1-AC4D-F4E9C1F4504A}.FullDebug|Any CPU.Build.0 = Debug|Any CPU
		{F817C94B-1076-41E1-AC4D-F4E9C1F4504A}.Release|Any CPU.ActiveCfg = Release|Any CPU
		{F817C94B-1076-41E1-AC4D-F4E9C1F4504A}.Release|Any CPU.Build.0 = Release|Any CPU
		{9129BC05-0314-402C-B681-3FB8DB7A7EDF}.Debug|Any CPU.ActiveCfg = Debug|Any CPU
		{9129BC05-0314-402C-B681-3FB8DB7A7EDF}.Debug|Any CPU.Build.0 = Debug|Any CPU
		{9129BC05-0314-402C-B681-3FB8DB7A7EDF}.FullDebug|Any CPU.ActiveCfg = Debug|Any CPU
		{9129BC05-0314-402C-B681-3FB8DB7A7EDF}.FullDebug|Any CPU.Build.0 = Debug|Any CPU
		{9129BC05-0314-402C-B681-3FB8DB7A7EDF}.Release|Any CPU.ActiveCfg = Release|Any CPU
		{9129BC05-0314-402C-B681-3FB8DB7A7EDF}.Release|Any CPU.Build.0 = Release|Any CPU
	EndGlobalSection
	GlobalSection(SolutionProperties) = preSolution
		HideSolutionNode = FALSE
	EndGlobalSection
	GlobalSection(NestedProjects) = preSolution
		{D8392DC7-74FB-49E4-BB97-C60ECED2327B} = {C776327C-7044-49EB-A828-183E02793DA0}
		{F66B3506-6DFB-4D12-9E25-F13F85E58034} = {C776327C-7044-49EB-A828-183E02793DA0}
		{4BD3EC9D-252F-4D15-9C9A-82851871F08B} = {2AF558F3-64FA-42C4-A4C4-97DC5732807E}
		{2AF558F3-64FA-42C4-A4C4-97DC5732807E} = {C776327C-7044-49EB-A828-183E02793DA0}
		{63B793E8-EEF2-4E2B-8F67-F5F10240B3DA} = {2AF558F3-64FA-42C4-A4C4-97DC5732807E}
		{228D7CEB-4819-41C3-B010-D2C425B04F56} = {2AF558F3-64FA-42C4-A4C4-97DC5732807E}
		{D430C9FE-4220-48B7-AB08-C509B7E275CB} = {2AF558F3-64FA-42C4-A4C4-97DC5732807E}
		{31431B14-415D-4BFB-BAB7-7EF938A76950} = {2AF558F3-64FA-42C4-A4C4-97DC5732807E}
	EndGlobalSection
	GlobalSection(ExtensibilityGlobals) = postSolution
		SolutionGuid = {E6254A3B-91C6-46B0-AD5B-E9A950216C95}
	EndGlobalSection
EndGlobal
