
Microsoft Visual Studio Solution File, Format Version 12.00
# Visual Studio Version 17
VisualStudioVersion = 17.10.34928.147
MinimumVisualStudioVersion = 10.0.40219.1
Project("{9A19103F-16F7-4668-BE54-9A1E7A4F7556}") = "EEC2FHIR", "EEC2FHIR\EEC2FHIR.csproj", "{8EE5D6ED-80E5-45B0-ABD3-A4042E10379A}"
EndProject
Project("{9A19103F-16F7-4668-BE54-9A1E7A4F7556}") = "Hl7.Fhir.TWCoreIG", "Hl7.Fhir.TWCoreIG\Hl7.Fhir.TWCoreIG.csproj", "{F817C94B-1076-41E1-AC4D-F4E9C1F4504A}"
EndProject
Project("{9A19103F-16F7-4668-BE54-9A1E7A4F7556}") = "EEC2FHIR.Demo.Console", "EEC2FHIR.Demo.Console\EEC2FHIR.Demo.Console.csproj", "{9129BC05-0314-402C-B681-3FB8DB7A7EDF}"
EndProject
Project("{2150E333-8FDC-42A3-9474-1A3956D46DE8}") = "firely-net-sdk", "firely-net-sdk", "{25B5FDC0-BEFD-4158-A28C-815F4E0F84CB}"
EndProject
Project("{2150E333-8FDC-42A3-9474-1A3956D46DE8}") = "common", "common", "{1FA864BB-1207-49CC-A4D8-A62530C1A2A1}"
EndProject
Project("{9A19103F-16F7-4668-BE54-9A1E7A4F7556}") = "Hl7.Fhir.ElementModel", "firely-net-sdk\common\src\Hl7.Fhir.ElementModel\Hl7.Fhir.ElementModel.csproj", "{66536D2C-4AE9-44F5-91A8-C120A8A2D8EE}"
EndProject
Project("{9A19103F-16F7-4668-BE54-9A1E7A4F7556}") = "Hl7.Fhir.Serialization", "firely-net-sdk\common\src\Hl7.Fhir.Serialization\Hl7.Fhir.Serialization.csproj", "{E66A0FCF-A792-41C4-980B-E7BC56270D21}"
EndProject
Project("{9A19103F-16F7-4668-BE54-9A1E7A4F7556}") = "Hl7.Fhir.Support", "firely-net-sdk\common\src\Hl7.Fhir.Support\Hl7.Fhir.Support.csproj", "{36BE94EA-2FFE-4F86-AF88-0A1759D659B7}"
EndProject
Project("{9A19103F-16F7-4668-BE54-9A1E7A4F7556}") = "Hl7.Fhir.Support.Poco", "firely-net-sdk\common\src\Hl7.Fhir.Support.Poco\Hl7.Fhir.Support.Poco.csproj", "{ABF639B4-8A38-470F-B491-1B943DAA57E7}"
EndProject
Project("{9A19103F-16F7-4668-BE54-9A1E7A4F7556}") = "Hl7.FhirPath", "firely-net-sdk\common\src\Hl7.FhirPath\Hl7.FhirPath.csproj", "{F58FC8F3-BF25-481D-970B-5F0EB3B28FF5}"
EndProject
Project("{9A19103F-16F7-4668-BE54-9A1E7A4F7556}") = "Hl7.Fhir.Core", "firely-net-sdk\src\Hl7.Fhir.Core\Hl7.Fhir.Core.csproj", "{ED3FBDDA-24B7-49ED-AA77-39B4EAD59DA0}"
EndProject
Project("{9A19103F-16F7-4668-BE54-9A1E7A4F7556}") = "Hl7.Fhir.Specification", "firely-net-sdk\src\Hl7.Fhir.Specification\Hl7.Fhir.Specification.csproj", "{669A401D-A1F2-465C-A97E-737E7167FE8F}"
EndProject
Project("{2150E333-8FDC-42A3-9474-1A3956D46DE8}") = "Solution Items", "Solution Items", "{6FC6C556-BC68-425F-BA95-0AE798A8D047}"
	ProjectSection(SolutionItems) = preProject
		README.md = README.md
	EndProjectSection
EndProject
Global
	GlobalSection(SolutionConfigurationPlatforms) = preSolution
		Debug|Any CPU = Debug|Any CPU
		FullDebug|Any CPU = FullDebug|Any CPU
		Release|Any CPU = Release|Any CPU
	EndGlobalSection
	GlobalSection(ProjectConfigurationPlatforms) = postSolution
		{8EE5D6ED-80E5-45B0-ABD3-A4042E10379A}.Debug|Any CPU.ActiveCfg = Debug|Any CPU
		{8EE5D6ED-80E5-45B0-ABD3-A4042E10379A}.Debug|Any CPU.Build.0 = Debug|Any CPU
		{8EE5D6ED-80E5-45B0-ABD3-A4042E10379A}.FullDebug|Any CPU.ActiveCfg = Debug|Any CPU
		{8EE5D6ED-80E5-45B0-ABD3-A4042E10379A}.FullDebug|Any CPU.Build.0 = Debug|Any CPU
		{8EE5D6ED-80E5-45B0-ABD3-A4042E10379A}.Release|Any CPU.ActiveCfg = Release|Any CPU
		{8EE5D6ED-80E5-45B0-ABD3-A4042E10379A}.Release|Any CPU.Build.0 = Release|Any CPU
		{F817C94B-1076-41E1-AC4D-F4E9C1F4504A}.Debug|Any CPU.ActiveCfg = Debug|Any CPU
		{F817C94B-1076-41E1-AC4D-F4E9C1F4504A}.Debug|Any CPU.Build.0 = Debug|Any CPU
		{F817C94B-1076-41E1-AC4D-F4E9C1F4504A}.FullDebug|Any CPU.ActiveCfg = Debug|Any CPU
		{F817C94B-1076-41E1-AC4D-F4E9C1F4504A}.FullDebug|Any CPU.Build.0 = Debug|Any CPU
		{F817C94B-1076-41E1-AC4D-F4E9C1F4504A}.Release|Any CPU.ActiveCfg = Release|Any CPU
		{F817C94B-1076-41E1-AC4D-F4E9C1F4504A}.Release|Any CPU.Build.0 = Release|Any CPU
		{9129BC05-0314-402C-B681-3FB8DB7A7EDF}.Debug|Any CPU.ActiveCfg = Debug|Any CPU
		{9129BC05-0314-402C-B681-3FB8DB7A7EDF}.Debug|Any CPU.Build.0 = Debug|Any CPU
		{9129BC05-0314-402C-B681-3FB8DB7A7EDF}.FullDebug|Any CPU.ActiveCfg = Debug|Any CPU
		{9129BC05-0314-402C-B681-3FB8DB7A7EDF}.FullDebug|Any CPU.Build.0 = Debug|Any CPU
		{9129BC05-0314-402C-B681-3FB8DB7A7EDF}.Release|Any CPU.ActiveCfg = Release|Any CPU
		{9129BC05-0314-402C-B681-3FB8DB7A7EDF}.Release|Any CPU.Build.0 = Release|Any CPU
		{66536D2C-4AE9-44F5-91A8-C120A8A2D8EE}.Debug|Any CPU.ActiveCfg = Debug|Any CPU
		{66536D2C-4AE9-44F5-91A8-C120A8A2D8EE}.Debug|Any CPU.Build.0 = Debug|Any CPU
		{66536D2C-4AE9-44F5-91A8-C120A8A2D8EE}.FullDebug|Any CPU.ActiveCfg = FullDebug|Any CPU
		{66536D2C-4AE9-44F5-91A8-C120A8A2D8EE}.FullDebug|Any CPU.Build.0 = FullDebug|Any CPU
		{66536D2C-4AE9-44F5-91A8-C120A8A2D8EE}.Release|Any CPU.ActiveCfg = Release|Any CPU
		{66536D2C-4AE9-44F5-91A8-C120A8A2D8EE}.Release|Any CPU.Build.0 = Release|Any CPU
		{E66A0FCF-A792-41C4-980B-E7BC56270D21}.Debug|Any CPU.ActiveCfg = Debug|Any CPU
		{E66A0FCF-A792-41C4-980B-E7BC56270D21}.Debug|Any CPU.Build.0 = Debug|Any CPU
		{E66A0FCF-A792-41C4-980B-E7BC56270D21}.FullDebug|Any CPU.ActiveCfg = FullDebug|Any CPU
		{E66A0FCF-A792-41C4-980B-E7BC56270D21}.FullDebug|Any CPU.Build.0 = FullDebug|Any CPU
		{E66A0FCF-A792-41C4-980B-E7BC56270D21}.Release|Any CPU.ActiveCfg = Release|Any CPU
		{E66A0FCF-A792-41C4-980B-E7BC56270D21}.Release|Any CPU.Build.0 = Release|Any CPU
		{36BE94EA-2FFE-4F86-AF88-0A1759D659B7}.Debug|Any CPU.ActiveCfg = Debug|Any CPU
		{36BE94EA-2FFE-4F86-AF88-0A1759D659B7}.Debug|Any CPU.Build.0 = Debug|Any CPU
		{36BE94EA-2FFE-4F86-AF88-0A1759D659B7}.FullDebug|Any CPU.ActiveCfg = FullDebug|Any CPU
		{36BE94EA-2FFE-4F86-AF88-0A1759D659B7}.FullDebug|Any CPU.Build.0 = FullDebug|Any CPU
		{36BE94EA-2FFE-4F86-AF88-0A1759D659B7}.Release|Any CPU.ActiveCfg = Release|Any CPU
		{36BE94EA-2FFE-4F86-AF88-0A1759D659B7}.Release|Any CPU.Build.0 = Release|Any CPU
		{ABF639B4-8A38-470F-B491-1B943DAA57E7}.Debug|Any CPU.ActiveCfg = Debug|Any CPU
		{ABF639B4-8A38-470F-B491-1B943DAA57E7}.Debug|Any CPU.Build.0 = Debug|Any CPU
		{ABF639B4-8A38-470F-B491-1B943DAA57E7}.FullDebug|Any CPU.ActiveCfg = FullDebug|Any CPU
		{ABF639B4-8A38-470F-B491-1B943DAA57E7}.FullDebug|Any CPU.Build.0 = FullDebug|Any CPU
		{ABF639B4-8A38-470F-B491-1B943DAA57E7}.Release|Any CPU.ActiveCfg = Release|Any CPU
		{ABF639B4-8A38-470F-B491-1B943DAA57E7}.Release|Any CPU.Build.0 = Release|Any CPU
		{F58FC8F3-BF25-481D-970B-5F0EB3B28FF5}.Debug|Any CPU.ActiveCfg = Debug|Any CPU
		{F58FC8F3-BF25-481D-970B-5F0EB3B28FF5}.Debug|Any CPU.Build.0 = Debug|Any CPU
		{F58FC8F3-BF25-481D-970B-5F0EB3B28FF5}.FullDebug|Any CPU.ActiveCfg = FullDebug|Any CPU
		{F58FC8F3-BF25-481D-970B-5F0EB3B28FF5}.FullDebug|Any CPU.Build.0 = FullDebug|Any CPU
		{F58FC8F3-BF25-481D-970B-5F0EB3B28FF5}.Release|Any CPU.ActiveCfg = Release|Any CPU
		{F58FC8F3-BF25-481D-970B-5F0EB3B28FF5}.Release|Any CPU.Build.0 = Release|Any CPU
		{ED3FBDDA-24B7-49ED-AA77-39B4EAD59DA0}.Debug|Any CPU.ActiveCfg = Debug|Any CPU
		{ED3FBDDA-24B7-49ED-AA77-39B4EAD59DA0}.Debug|Any CPU.Build.0 = Debug|Any CPU
		{ED3FBDDA-24B7-49ED-AA77-39B4EAD59DA0}.FullDebug|Any CPU.ActiveCfg = FullDebug|Any CPU
		{ED3FBDDA-24B7-49ED-AA77-39B4EAD59DA0}.FullDebug|Any CPU.Build.0 = FullDebug|Any CPU
		{ED3FBDDA-24B7-49ED-AA77-39B4EAD59DA0}.Release|Any CPU.ActiveCfg = Release|Any CPU
		{ED3FBDDA-24B7-49ED-AA77-39B4EAD59DA0}.Release|Any CPU.Build.0 = Release|Any CPU
		{669A401D-A1F2-465C-A97E-737E7167FE8F}.Debug|Any CPU.ActiveCfg = Debug|Any CPU
		{669A401D-A1F2-465C-A97E-737E7167FE8F}.Debug|Any CPU.Build.0 = Debug|Any CPU
		{669A401D-A1F2-465C-A97E-737E7167FE8F}.FullDebug|Any CPU.ActiveCfg = FullDebug|Any CPU
		{669A401D-A1F2-465C-A97E-737E7167FE8F}.FullDebug|Any CPU.Build.0 = FullDebug|Any CPU
		{669A401D-A1F2-465C-A97E-737E7167FE8F}.Release|Any CPU.ActiveCfg = Release|Any CPU
		{669A401D-A1F2-465C-A97E-737E7167FE8F}.Release|Any CPU.Build.0 = Release|Any CPU
	EndGlobalSection
	GlobalSection(SolutionProperties) = preSolution
		HideSolutionNode = FALSE
	EndGlobalSection
	GlobalSection(NestedProjects) = preSolution
		{1FA864BB-1207-49CC-A4D8-A62530C1A2A1} = {25B5FDC0-BEFD-4158-A28C-815F4E0F84CB}
		{66536D2C-4AE9-44F5-91A8-C120A8A2D8EE} = {1FA864BB-1207-49CC-A4D8-A62530C1A2A1}
		{E66A0FCF-A792-41C4-980B-E7BC56270D21} = {1FA864BB-1207-49CC-A4D8-A62530C1A2A1}
		{36BE94EA-2FFE-4F86-AF88-0A1759D659B7} = {1FA864BB-1207-49CC-A4D8-A62530C1A2A1}
		{ABF639B4-8A38-470F-B491-1B943DAA57E7} = {1FA864BB-1207-49CC-A4D8-A62530C1A2A1}
		{F58FC8F3-BF25-481D-970B-5F0EB3B28FF5} = {1FA864BB-1207-49CC-A4D8-A62530C1A2A1}
		{ED3FBDDA-24B7-49ED-AA77-39B4EAD59DA0} = {25B5FDC0-BEFD-4158-A28C-815F4E0F84CB}
		{669A401D-A1F2-465C-A97E-737E7167FE8F} = {25B5FDC0-BEFD-4158-A28C-815F4E0F84CB}
	EndGlobalSection
	GlobalSection(ExtensibilityGlobals) = postSolution
		SolutionGuid = {E6254A3B-91C6-46B0-AD5B-E9A950216C95}
	EndGlobalSection
EndGlobal
